
Microsoft Visual Studio Solution File, Format Version 12.00
# Visual Studio Version 16
VisualStudioVersion = 16.0.29911.84
MinimumVisualStudioVersion = 10.0.40219.1
Project("{FAE04EC0-301F-11D3-BF4B-00C04F79EFBC}") = "AzureAppService_prectise", "AzureAppService_prectise\AzureAppService_prectise.csproj", "{5B82C4A0-095E-4B1D-A8FF-4BE2C125320B}"
EndProject
Global
	GlobalSection(SolutionConfigurationPlatforms) = preSolution
		Debug|Any CPU = Debug|Any CPU
		Release|Any CPU = Release|Any CPU
	EndGlobalSection
	GlobalSection(ProjectConfigurationPlatforms) = postSolution
		{5B82C4A0-095E-4B1D-A8FF-4BE2C125320B}.Debug|Any CPU.ActiveCfg = Debug|Any CPU
		{5B82C4A0-095E-4B1D-A8FF-4BE2C125320B}.Debug|Any CPU.Build.0 = Debug|Any CPU
		{5B82C4A0-095E-4B1D-A8FF-4BE2C125320B}.Release|Any CPU.ActiveCfg = Release|Any CPU
		{5B82C4A0-095E-4B1D-A8FF-4BE2C125320B}.Release|Any CPU.Build.0 = Release|Any CPU
	EndGlobalSection
	GlobalSection(SolutionProperties) = preSolution
		HideSolutionNode = FALSE
	EndGlobalSection
	GlobalSection(ExtensibilityGlobals) = postSolution
		SolutionGuid = {9D0AD6B8-2EDE-4853-AE98-DAE90457B3A0}
	EndGlobalSection
EndGlobal
